{
  "name": "sibling",
  "lockfileVersion": 2,
  "requires": true,
  "packages": {
    "": {
      "dependencies": {
        "infinitesibling": "^1.0.1"
      }
    },
    "node_modules/infinitesibling": {
      "version": "1.1.4",
      "resolved": "https://registry.npmjs.org/infinitesibling/-/infinitesibling-1.1.4.tgz",
      "integrity": "sha512-zOkZBfblUdPtBtemK8fBcacFpQsKu7aaRR4p4VteTVRFfEYH9UJWmirZEqFZkGf2v3imtmc/dyrrr5IWV8QuCA=="
    }
  },
  "dependencies": {
    "infinitesibling": {
      "version": "1.1.4",
      "resolved": "https://registry.npmjs.org/infinitesibling/-/infinitesibling-1.1.4.tgz",
      "integrity": "sha512-zOkZBfblUdPtBtemK8fBcacFpQsKu7aaRR4p4VteTVRFfEYH9UJWmirZEqFZkGf2v3imtmc/dyrrr5IWV8QuCA=="
    }
  }
}
